
Microsoft Visual Studio Solution File, Format Version 12.00
# Visual Studio Version 17
VisualStudioVersion = 17.9.34616.47
MinimumVisualStudioVersion = 10.0.40219.1
Project("{FAE04EC0-301F-11D3-BF4B-00C04F79EFBC}") = "Exercicio4", "Exercicio4\Exercicio4.csproj", "{33EB95D9-933C-4CAE-B3A2-A67A3A0CC416}"
EndProject
Global
	GlobalSection(SolutionConfigurationPlatforms) = preSolution
		Debug|Any CPU = Debug|Any CPU
		Release|Any CPU = Release|Any CPU
	EndGlobalSection
	GlobalSection(ProjectConfigurationPlatforms) = postSolution
		{33EB95D9-933C-4CAE-B3A2-A67A3A0CC416}.Debug|Any CPU.ActiveCfg = Debug|Any CPU
		{33EB95D9-933C-4CAE-B3A2-A67A3A0CC416}.Debug|Any CPU.Build.0 = Debug|Any CPU
		{33EB95D9-933C-4CAE-B3A2-A67A3A0CC416}.Release|Any CPU.ActiveCfg = Release|Any CPU
		{33EB95D9-933C-4CAE-B3A2-A67A3A0CC416}.Release|Any CPU.Build.0 = Release|Any CPU
	EndGlobalSection
	GlobalSection(SolutionProperties) = preSolution
		HideSolutionNode = FALSE
	EndGlobalSection
	GlobalSection(ExtensibilityGlobals) = postSolution
		SolutionGuid = {89C6B7C8-AFDA-4CCC-9E02-BA718E4E68CE}
	EndGlobalSection
EndGlobal
