
Microsoft Visual Studio Solution File, Format Version 12.00
# Visual Studio Version 17
VisualStudioVersion = 17.8.34408.163
MinimumVisualStudioVersion = 10.0.40219.1
Project("{FAE04EC0-301F-11D3-BF4B-00C04F79EFBC}") = "FirstProject", "FirstProject.csproj", "{F7C0C42A-1C40-4971-83FE-07DF395B4697}"
EndProject
Global
	GlobalSection(SolutionConfigurationPlatforms) = preSolution
		Debug|Any CPU = Debug|Any CPU
		Release|Any CPU = Release|Any CPU
	EndGlobalSection
	GlobalSection(ProjectConfigurationPlatforms) = postSolution
		{F7C0C42A-1C40-4971-83FE-07DF395B4697}.Debug|Any CPU.ActiveCfg = Debug|Any CPU
		{F7C0C42A-1C40-4971-83FE-07DF395B4697}.Debug|Any CPU.Build.0 = Debug|Any CPU
		{F7C0C42A-1C40-4971-83FE-07DF395B4697}.Release|Any CPU.ActiveCfg = Release|Any CPU
		{F7C0C42A-1C40-4971-83FE-07DF395B4697}.Release|Any CPU.Build.0 = Release|Any CPU
	EndGlobalSection
	GlobalSection(SolutionProperties) = preSolution
		HideSolutionNode = FALSE
	EndGlobalSection
	GlobalSection(ExtensibilityGlobals) = postSolution
		SolutionGuid = {574F9EBE-255D-4B61-BA48-DBF7862D8BA3}
	EndGlobalSection
EndGlobal
