
Microsoft Visual Studio Solution File, Format Version 12.00
# Visual Studio Version 17
VisualStudioVersion = 17.9.34616.47
MinimumVisualStudioVersion = 10.0.40219.1
Project("{FAE04EC0-301F-11D3-BF4B-00C04F79EFBC}") = "TryCatch", "TryCatch\TryCatch.csproj", "{F711FC7E-B449-45DF-884A-4EE11AC0FFFD}"
EndProject
Global
	GlobalSection(SolutionConfigurationPlatforms) = preSolution
		Debug|Any CPU = Debug|Any CPU
		Release|Any CPU = Release|Any CPU
	EndGlobalSection
	GlobalSection(ProjectConfigurationPlatforms) = postSolution
		{F711FC7E-B449-45DF-884A-4EE11AC0FFFD}.Debug|Any CPU.ActiveCfg = Debug|Any CPU
		{F711FC7E-B449-45DF-884A-4EE11AC0FFFD}.Debug|Any CPU.Build.0 = Debug|Any CPU
		{F711FC7E-B449-45DF-884A-4EE11AC0FFFD}.Release|Any CPU.ActiveCfg = Release|Any CPU
		{F711FC7E-B449-45DF-884A-4EE11AC0FFFD}.Release|Any CPU.Build.0 = Release|Any CPU
	EndGlobalSection
	GlobalSection(SolutionProperties) = preSolution
		HideSolutionNode = FALSE
	EndGlobalSection
	GlobalSection(ExtensibilityGlobals) = postSolution
		SolutionGuid = {342E6D28-9027-4052-A74F-0DA9329CC89D}
	EndGlobalSection
EndGlobal
