
Microsoft Visual Studio Solution File, Format Version 12.00
# Visual Studio Version 17
VisualStudioVersion = 17.8.34408.163
MinimumVisualStudioVersion = 10.0.40219.1
Project("{FAE04EC0-301F-11D3-BF4B-00C04F79EFBC}") = "Nullable", "Nullable\Nullable.csproj", "{F62D5BCE-49D3-4020-88A0-6F8B12129E45}"
EndProject
Global
	GlobalSection(SolutionConfigurationPlatforms) = preSolution
		Debug|Any CPU = Debug|Any CPU
		Release|Any CPU = Release|Any CPU
	EndGlobalSection
	GlobalSection(ProjectConfigurationPlatforms) = postSolution
		{F62D5BCE-49D3-4020-88A0-6F8B12129E45}.Debug|Any CPU.ActiveCfg = Debug|Any CPU
		{F62D5BCE-49D3-4020-88A0-6F8B12129E45}.Debug|Any CPU.Build.0 = Debug|Any CPU
		{F62D5BCE-49D3-4020-88A0-6F8B12129E45}.Release|Any CPU.ActiveCfg = Release|Any CPU
		{F62D5BCE-49D3-4020-88A0-6F8B12129E45}.Release|Any CPU.Build.0 = Release|Any CPU
	EndGlobalSection
	GlobalSection(SolutionProperties) = preSolution
		HideSolutionNode = FALSE
	EndGlobalSection
	GlobalSection(ExtensibilityGlobals) = postSolution
		SolutionGuid = {EA221E73-F0F3-4750-B0D0-F939D869352A}
	EndGlobalSection
EndGlobal
