
Microsoft Visual Studio Solution File, Format Version 12.00
# Visual Studio Version 17
VisualStudioVersion = 17.9.34616.47
MinimumVisualStudioVersion = 10.0.40219.1
Project("{FAE04EC0-301F-11D3-BF4B-00C04F79EFBC}") = "Predicate", "Predicate.csproj", "{3B117948-4402-4C6E-B33C-5DEF2049DD1E}"
EndProject
Global
	GlobalSection(SolutionConfigurationPlatforms) = preSolution
		Debug|Any CPU = Debug|Any CPU
		Release|Any CPU = Release|Any CPU
	EndGlobalSection
	GlobalSection(ProjectConfigurationPlatforms) = postSolution
		{3B117948-4402-4C6E-B33C-5DEF2049DD1E}.Debug|Any CPU.ActiveCfg = Debug|Any CPU
		{3B117948-4402-4C6E-B33C-5DEF2049DD1E}.Debug|Any CPU.Build.0 = Debug|Any CPU
		{3B117948-4402-4C6E-B33C-5DEF2049DD1E}.Release|Any CPU.ActiveCfg = Release|Any CPU
		{3B117948-4402-4C6E-B33C-5DEF2049DD1E}.Release|Any CPU.Build.0 = Release|Any CPU
	EndGlobalSection
	GlobalSection(SolutionProperties) = preSolution
		HideSolutionNode = FALSE
	EndGlobalSection
	GlobalSection(ExtensibilityGlobals) = postSolution
		SolutionGuid = {D34A5699-9A09-467A-B3DE-194ABEAC6990}
	EndGlobalSection
EndGlobal
