
Microsoft Visual Studio Solution File, Format Version 12.00
# Visual Studio Version 17
VisualStudioVersion = 17.9.34616.47
MinimumVisualStudioVersion = 10.0.40219.1
Project("{FAE04EC0-301F-11D3-BF4B-00C04F79EFBC}") = "Exercicio6", "Exercicio6\Exercicio6.csproj", "{700ED563-C8C2-4CD4-80F7-DCB5E21FC36E}"
EndProject
Global
	GlobalSection(SolutionConfigurationPlatforms) = preSolution
		Debug|Any CPU = Debug|Any CPU
		Release|Any CPU = Release|Any CPU
	EndGlobalSection
	GlobalSection(ProjectConfigurationPlatforms) = postSolution
		{700ED563-C8C2-4CD4-80F7-DCB5E21FC36E}.Debug|Any CPU.ActiveCfg = Debug|Any CPU
		{700ED563-C8C2-4CD4-80F7-DCB5E21FC36E}.Debug|Any CPU.Build.0 = Debug|Any CPU
		{700ED563-C8C2-4CD4-80F7-DCB5E21FC36E}.Release|Any CPU.ActiveCfg = Release|Any CPU
		{700ED563-C8C2-4CD4-80F7-DCB5E21FC36E}.Release|Any CPU.Build.0 = Release|Any CPU
	EndGlobalSection
	GlobalSection(SolutionProperties) = preSolution
		HideSolutionNode = FALSE
	EndGlobalSection
	GlobalSection(ExtensibilityGlobals) = postSolution
		SolutionGuid = {7347815D-A72B-4E59-A604-0BEA6A2E641A}
	EndGlobalSection
EndGlobal
