
Microsoft Visual Studio Solution File, Format Version 12.00
# Visual Studio Version 17
VisualStudioVersion = 17.9.34616.47
MinimumVisualStudioVersion = 10.0.40219.1
Project("{FAE04EC0-301F-11D3-BF4B-00C04F79EFBC}") = "Func", "Func.csproj", "{165ADCBC-7F2C-40F2-B0A5-5586E9C1E230}"
EndProject
Global
	GlobalSection(SolutionConfigurationPlatforms) = preSolution
		Debug|Any CPU = Debug|Any CPU
		Release|Any CPU = Release|Any CPU
	EndGlobalSection
	GlobalSection(ProjectConfigurationPlatforms) = postSolution
		{165ADCBC-7F2C-40F2-B0A5-5586E9C1E230}.Debug|Any CPU.ActiveCfg = Debug|Any CPU
		{165ADCBC-7F2C-40F2-B0A5-5586E9C1E230}.Debug|Any CPU.Build.0 = Debug|Any CPU
		{165ADCBC-7F2C-40F2-B0A5-5586E9C1E230}.Release|Any CPU.ActiveCfg = Release|Any CPU
		{165ADCBC-7F2C-40F2-B0A5-5586E9C1E230}.Release|Any CPU.Build.0 = Release|Any CPU
	EndGlobalSection
	GlobalSection(SolutionProperties) = preSolution
		HideSolutionNode = FALSE
	EndGlobalSection
	GlobalSection(ExtensibilityGlobals) = postSolution
		SolutionGuid = {4633BBC0-F6DA-4B36-B936-EDB2767F8622}
	EndGlobalSection
EndGlobal
