
Microsoft Visual Studio Solution File, Format Version 12.00
# Visual Studio Version 17
VisualStudioVersion = 17.9.34616.47
MinimumVisualStudioVersion = 10.0.40219.1
Project("{FAE04EC0-301F-11D3-BF4B-00C04F79EFBC}") = "LinqAndLambda", "LinqAndLambda.csproj", "{5520E2EB-6AF9-45B7-9DEC-BA9C2F1C5E0A}"
EndProject
Global
	GlobalSection(SolutionConfigurationPlatforms) = preSolution
		Debug|Any CPU = Debug|Any CPU
		Release|Any CPU = Release|Any CPU
	EndGlobalSection
	GlobalSection(ProjectConfigurationPlatforms) = postSolution
		{5520E2EB-6AF9-45B7-9DEC-BA9C2F1C5E0A}.Debug|Any CPU.ActiveCfg = Debug|Any CPU
		{5520E2EB-6AF9-45B7-9DEC-BA9C2F1C5E0A}.Debug|Any CPU.Build.0 = Debug|Any CPU
		{5520E2EB-6AF9-45B7-9DEC-BA9C2F1C5E0A}.Release|Any CPU.ActiveCfg = Release|Any CPU
		{5520E2EB-6AF9-45B7-9DEC-BA9C2F1C5E0A}.Release|Any CPU.Build.0 = Release|Any CPU
	EndGlobalSection
	GlobalSection(SolutionProperties) = preSolution
		HideSolutionNode = FALSE
	EndGlobalSection
	GlobalSection(ExtensibilityGlobals) = postSolution
		SolutionGuid = {589F3912-9099-4FF6-9776-E14EBD2A499C}
	EndGlobalSection
EndGlobal
