
Microsoft Visual Studio Solution File, Format Version 12.00
# Visual Studio Version 17
VisualStudioVersion = 17.9.34616.47
MinimumVisualStudioVersion = 10.0.40219.1
Project("{FAE04EC0-301F-11D3-BF4B-00C04F79EFBC}") = "Herança", "Herança\Herança.csproj", "{DDB2B7B5-FDAA-45E8-9C1A-4B9F590F1069}"
EndProject
Global
	GlobalSection(SolutionConfigurationPlatforms) = preSolution
		Debug|Any CPU = Debug|Any CPU
		Release|Any CPU = Release|Any CPU
	EndGlobalSection
	GlobalSection(ProjectConfigurationPlatforms) = postSolution
		{DDB2B7B5-FDAA-45E8-9C1A-4B9F590F1069}.Debug|Any CPU.ActiveCfg = Debug|Any CPU
		{DDB2B7B5-FDAA-45E8-9C1A-4B9F590F1069}.Debug|Any CPU.Build.0 = Debug|Any CPU
		{DDB2B7B5-FDAA-45E8-9C1A-4B9F590F1069}.Release|Any CPU.ActiveCfg = Release|Any CPU
		{DDB2B7B5-FDAA-45E8-9C1A-4B9F590F1069}.Release|Any CPU.Build.0 = Release|Any CPU
	EndGlobalSection
	GlobalSection(SolutionProperties) = preSolution
		HideSolutionNode = FALSE
	EndGlobalSection
	GlobalSection(ExtensibilityGlobals) = postSolution
		SolutionGuid = {0E02062E-8C36-446E-9A73-668A52FB6F84}
	EndGlobalSection
EndGlobal
