
Microsoft Visual Studio Solution File, Format Version 12.00
# Visual Studio Version 17
VisualStudioVersion = 17.9.34616.47
MinimumVisualStudioVersion = 10.0.40219.1
Project("{FAE04EC0-301F-11D3-BF4B-00C04F79EFBC}") = "ExercicioLinq", "ExercicioLinq.csproj", "{1A333FBA-62B1-4B02-8B0F-DE4E8D67EA38}"
EndProject
Global
	GlobalSection(SolutionConfigurationPlatforms) = preSolution
		Debug|Any CPU = Debug|Any CPU
		Release|Any CPU = Release|Any CPU
	EndGlobalSection
	GlobalSection(ProjectConfigurationPlatforms) = postSolution
		{1A333FBA-62B1-4B02-8B0F-DE4E8D67EA38}.Debug|Any CPU.ActiveCfg = Debug|Any CPU
		{1A333FBA-62B1-4B02-8B0F-DE4E8D67EA38}.Debug|Any CPU.Build.0 = Debug|Any CPU
		{1A333FBA-62B1-4B02-8B0F-DE4E8D67EA38}.Release|Any CPU.ActiveCfg = Release|Any CPU
		{1A333FBA-62B1-4B02-8B0F-DE4E8D67EA38}.Release|Any CPU.Build.0 = Release|Any CPU
	EndGlobalSection
	GlobalSection(SolutionProperties) = preSolution
		HideSolutionNode = FALSE
	EndGlobalSection
	GlobalSection(ExtensibilityGlobals) = postSolution
		SolutionGuid = {754B56E8-CB56-4A43-B612-A843EAB530C8}
	EndGlobalSection
EndGlobal
