
Microsoft Visual Studio Solution File, Format Version 12.00
# Visual Studio Version 17
VisualStudioVersion = 17.8.34408.163
MinimumVisualStudioVersion = 10.0.40219.1
Project("{FAE04EC0-301F-11D3-BF4B-00C04F79EFBC}") = "Matrizes", "Matrizes\Matrizes.csproj", "{193A428F-CE06-4FEC-986C-02AE6CA19097}"
EndProject
Global
	GlobalSection(SolutionConfigurationPlatforms) = preSolution
		Debug|Any CPU = Debug|Any CPU
		Release|Any CPU = Release|Any CPU
	EndGlobalSection
	GlobalSection(ProjectConfigurationPlatforms) = postSolution
		{193A428F-CE06-4FEC-986C-02AE6CA19097}.Debug|Any CPU.ActiveCfg = Debug|Any CPU
		{193A428F-CE06-4FEC-986C-02AE6CA19097}.Debug|Any CPU.Build.0 = Debug|Any CPU
		{193A428F-CE06-4FEC-986C-02AE6CA19097}.Release|Any CPU.ActiveCfg = Release|Any CPU
		{193A428F-CE06-4FEC-986C-02AE6CA19097}.Release|Any CPU.Build.0 = Release|Any CPU
	EndGlobalSection
	GlobalSection(SolutionProperties) = preSolution
		HideSolutionNode = FALSE
	EndGlobalSection
	GlobalSection(ExtensibilityGlobals) = postSolution
		SolutionGuid = {82000A5B-C618-4DCD-BA87-A8143C2AC4BF}
	EndGlobalSection
EndGlobal
