
Microsoft Visual Studio Solution File, Format Version 12.00
# Visual Studio Version 17
VisualStudioVersion = 17.8.34408.163
MinimumVisualStudioVersion = 10.0.40219.1
Project("{FAE04EC0-301F-11D3-BF4B-00C04F79EFBC}") = "Exercicio2", "Exercicio2\Exercicio2.csproj", "{5088D7CE-FADE-49CF-BE43-E981F46AFE90}"
EndProject
Global
	GlobalSection(SolutionConfigurationPlatforms) = preSolution
		Debug|Any CPU = Debug|Any CPU
		Release|Any CPU = Release|Any CPU
	EndGlobalSection
	GlobalSection(ProjectConfigurationPlatforms) = postSolution
		{5088D7CE-FADE-49CF-BE43-E981F46AFE90}.Debug|Any CPU.ActiveCfg = Debug|Any CPU
		{5088D7CE-FADE-49CF-BE43-E981F46AFE90}.Debug|Any CPU.Build.0 = Debug|Any CPU
		{5088D7CE-FADE-49CF-BE43-E981F46AFE90}.Release|Any CPU.ActiveCfg = Release|Any CPU
		{5088D7CE-FADE-49CF-BE43-E981F46AFE90}.Release|Any CPU.Build.0 = Release|Any CPU
	EndGlobalSection
	GlobalSection(SolutionProperties) = preSolution
		HideSolutionNode = FALSE
	EndGlobalSection
	GlobalSection(ExtensibilityGlobals) = postSolution
		SolutionGuid = {6C2A4515-DDD7-4550-A3E5-6FDDF7223E86}
	EndGlobalSection
EndGlobal
